
Microsoft Visual Studio Solution File, Format Version 12.00
# Visual Studio Version 17
VisualStudioVersion = 17.1.32319.34
MinimumVisualStudioVersion = 10.0.40219.1
Project("{FAE04EC0-301F-11D3-BF4B-00C04F79EFBC}") = "PiePOS.API", "PiePOS.API\PiePOS.API.csproj", "{DD77EFBA-AD23-47DB-ADC8-6239BE3F802B}"
EndProject
Project("{FAE04EC0-301F-11D3-BF4B-00C04F79EFBC}") = "PiePOS.Application", "PiePOS.Application\PiePOS.Application.csproj", "{42E76D13-4673-49A1-930D-BB5D0CD4B71F}"
EndProject
Project("{FAE04EC0-301F-11D3-BF4B-00C04F79EFBC}") = "PiePOS.Domain", "PiePOS.Domain\PiePOS.Domain.csproj", "{B6876484-F23D-465B-841F-FF0926B4E5DC}"
EndProject
Project("{FAE04EC0-301F-11D3-BF4B-00C04F79EFBC}") = "PiePOS.Persistence", "PiePOS.Persistence\PiePOS.Persistence.csproj", "{D4A87C13-BA72-405E-A506-4AAFB1ACD6DA}"
EndProject
Project("{FAE04EC0-301F-11D3-BF4B-00C04F79EFBC}") = "PiePOS.Infrastructure", "PiePOS.Infrastructure\PiePOS.Infrastructure.csproj", "{50161427-B8F6-495B-A792-AF08786B291E}"
EndProject
Global
	GlobalSection(SolutionConfigurationPlatforms) = preSolution
		Debug|Any CPU = Debug|Any CPU
		Release|Any CPU = Release|Any CPU
	EndGlobalSection
	GlobalSection(ProjectConfigurationPlatforms) = postSolution
		{DD77EFBA-AD23-47DB-ADC8-6239BE3F802B}.Debug|Any CPU.ActiveCfg = Debug|Any CPU
		{DD77EFBA-AD23-47DB-ADC8-6239BE3F802B}.Debug|Any CPU.Build.0 = Debug|Any CPU
		{DD77EFBA-AD23-47DB-ADC8-6239BE3F802B}.Release|Any CPU.ActiveCfg = Release|Any CPU
		{DD77EFBA-AD23-47DB-ADC8-6239BE3F802B}.Release|Any CPU.Build.0 = Release|Any CPU
		{42E76D13-4673-49A1-930D-BB5D0CD4B71F}.Debug|Any CPU.ActiveCfg = Debug|Any CPU
		{42E76D13-4673-49A1-930D-BB5D0CD4B71F}.Debug|Any CPU.Build.0 = Debug|Any CPU
		{42E76D13-4673-49A1-930D-BB5D0CD4B71F}.Release|Any CPU.ActiveCfg = Release|Any CPU
		{42E76D13-4673-49A1-930D-BB5D0CD4B71F}.Release|Any CPU.Build.0 = Release|Any CPU
		{B6876484-F23D-465B-841F-FF0926B4E5DC}.Debug|Any CPU.ActiveCfg = Debug|Any CPU
		{B6876484-F23D-465B-841F-FF0926B4E5DC}.Debug|Any CPU.Build.0 = Debug|Any CPU
		{B6876484-F23D-465B-841F-FF0926B4E5DC}.Release|Any CPU.ActiveCfg = Release|Any CPU
		{B6876484-F23D-465B-841F-FF0926B4E5DC}.Release|Any CPU.Build.0 = Release|Any CPU
		{D4A87C13-BA72-405E-A506-4AAFB1ACD6DA}.Debug|Any CPU.ActiveCfg = Debug|Any CPU
		{D4A87C13-BA72-405E-A506-4AAFB1ACD6DA}.Debug|Any CPU.Build.0 = Debug|Any CPU
		{D4A87C13-BA72-405E-A506-4AAFB1ACD6DA}.Release|Any CPU.ActiveCfg = Release|Any CPU
		{D4A87C13-BA72-405E-A506-4AAFB1ACD6DA}.Release|Any CPU.Build.0 = Release|Any CPU
		{50161427-B8F6-495B-A792-AF08786B291E}.Debug|Any CPU.ActiveCfg = Debug|Any CPU
		{50161427-B8F6-495B-A792-AF08786B291E}.Debug|Any CPU.Build.0 = Debug|Any CPU
		{50161427-B8F6-495B-A792-AF08786B291E}.Release|Any CPU.ActiveCfg = Release|Any CPU
		{50161427-B8F6-495B-A792-AF08786B291E}.Release|Any CPU.Build.0 = Release|Any CPU
	EndGlobalSection
	GlobalSection(SolutionProperties) = preSolution
		HideSolutionNode = FALSE
	EndGlobalSection
	GlobalSection(ExtensibilityGlobals) = postSolution
		SolutionGuid = {5B1280FF-44DB-4B86-91D5-CC8BB11278F5}
	EndGlobalSection
EndGlobal
